// !$*UTF8*$!
{
	archiveVersion = 1;
	classes = {
	};
	objectVersion = 77;
	objects = {

/* Begin PBXBuildFile section */
		A10000000000000000000001 /* MarkdownEngine in Frameworks */ = {isa = PBXBuildFile; productRef = A10000000000000000000011 /* MarkdownEngine */; };
		A10000000000000000000002 /* MarkdownEngineCodeBlocks in Frameworks */ = {isa = PBXBuildFile; productRef = A10000000000000000000012 /* MarkdownEngineCodeBlocks */; };
		A10000000000000000000003 /* MarkdownEngineLatex in Frameworks */ = {isa = PBXBuildFile; productRef = A10000000000000000000013 /* MarkdownEngineLatex */; };
/* End PBXBuildFile section */

/* Begin PBXContainerItemProxy section */
		3AD20FE130062B1C0028337F /* PBXContainerItemProxy */ = {
			isa = PBXContainerItemProxy;
			containerPortal = 3AD20FCB30062B190028337F /* Project object */;
			proxyType = 1;
			remoteGlobalIDString = 3AD20FD230062B190028337F;
			remoteInfo = skillManger;
		};
		3AD20FEB30062B1C0028337F /* PBXContainerItemProxy */ = {
			isa = PBXContainerItemProxy;
			containerPortal = 3AD20FCB30062B190028337F /* Project object */;
			proxyType = 1;
			remoteGlobalIDString = 3AD20FD230062B190028337F;
			remoteInfo = skillManger;
		};
/* End PBXContainerItemProxy section */

/* Begin PBXFileReference section */
		3AD20FD330062B190028337F /* skillManger.app */ = {isa = PBXFileReference; explicitFileType = wrapper.application; includeInIndex = 0; path = skillManger.app; sourceTree = BUILT_PRODUCTS_DIR; };
		3AD20FE030062B1C0028337F /* skillMangerTests.xctest */ = {isa = PBXFileReference; explicitFileType = wrapper.cfbundle; includeInIndex = 0; path = skillMangerTests.xctest; sourceTree = BUILT_PRODUCTS_DIR; };
		3AD20FEA30062B1C0028337F /* skillMangerUITests.xctest */ = {isa = PBXFileReference; explicitFileType = wrapper.cfbundle; includeInIndex = 0; path = skillMangerUITests.xctest; sourceTree = BUILT_PRODUCTS_DIR; };
/* End PBXFileReference section */

/* Begin PBXFileSystemSynchronizedRootGroup section */
		3AD20FD530062B190028337F /* skillManger */ = {
			isa = PBXFileSystemSynchronizedRootGroup;
			path = skillManger;
			sourceTree = "<group>";
		};
		3AD20FE330062B1C0028337F /* skillMangerTests */ = {
			isa = PBXFileSystemSynchronizedRootGroup;
			path = skillMangerTests;
			sourceTree = "<group>";
		};
		3AD20FED30062B1C0028337F /* skillMangerUITests */ = {
			isa = PBXFileSystemSynchronizedRootGroup;
			path = skillMangerUITests;
			sourceTree = "<group>";
		};
/* End PBXFileSystemSynchronizedRootGroup section */

/* Begin PBXFrameworksBuildPhase section */
		3AD20FD030062B190028337F /* Frameworks */ = {
			isa = PBXFrameworksBuildPhase;
			buildActionMask = 2147483647;
			files = (
				A10000000000000000000001 /* MarkdownEngine in Frameworks */,
				A10000000000000000000002 /* MarkdownEngineCodeBlocks in Frameworks */,
				A10000000000000000000003 /* MarkdownEngineLatex in Frameworks */,
			);
			runOnlyForDeploymentPostprocessing = 0;
		};
		3AD20FDD30062B1C0028337F /* Frameworks */ = {
			isa = PBXFrameworksBuildPhase;
			buildActionMask = 2147483647;
			files = (
			);
			runOnlyForDeploymentPostprocessing = 0;
		};
		3AD20FE730062B1C0028337F /* Frameworks */ = {
			isa = PBXFrameworksBuildPhase;
			buildActionMask = 2147483647;
			files = (
			);
			runOnlyForDeploymentPostprocessing = 0;
		};
/* End PBXFrameworksBuildPhase section */

/* Begin PBXGroup section */
		3AD20FCA30062B190028337F = {
			isa = PBXGroup;
			children = (
				3AD20FD530062B190028337F /* skillManger */,
				3AD20FE330062B1C0028337F /* skillMangerTests */,
				3AD20FED30062B1C0028337F /* skillMangerUITests */,
				3AD20FD430062B190028337F /* Products */,
			);
			sourceTree = "<group>";
		};
		3AD20FD430062B190028337F /* Products */ = {
			isa = PBXGroup;
			children = (
				3AD20FD330062B190028337F /* skillManger.app */,
				3AD20FE030062B1C0028337F /* skillMangerTests.xctest */,
				3AD20FEA30062B1C0028337F /* skillMangerUITests.xctest */,
			);
			name = Products;
			sourceTree = "<group>";
		};
/* End PBXGroup section */

/* Begin PBXNativeTarget section */
		3AD20FD230062B190028337F /* skillManger */ = {
			isa = PBXNativeTarget;
			buildConfigurationList = 3AD20FF430062B1C0028337F /* Build configuration list for PBXNativeTarget "skillManger" */;
			buildPhases = (
				3AD20FCF30062B190028337F /* Sources */,
				3AD20FD030062B190028337F /* Frameworks */,
				3AD20FD130062B190028337F /* Resources */,
			);
			buildRules = (
			);
			dependencies = (
			);
			fileSystemSynchronizedGroups = (
				3AD20FD530062B190028337F /* skillManger */,
			);
			name = skillManger;
			packageProductDependencies = (
				A10000000000000000000011 /* MarkdownEngine */,
				A10000000000000000000012 /* MarkdownEngineCodeBlocks */,
				A10000000000000000000013 /* MarkdownEngineLatex */,
			);
			productName = skillManger;
			productReference = 3AD20FD330062B190028337F /* skillManger.app */;
			productType = "com.apple.product-type.application";
		};
		3AD20FDF30062B1C0028337F /* skillMangerTests */ = {
			isa = PBXNativeTarget;
			buildConfigurationList = 3AD20FF730062B1C0028337F /* Build configuration list for PBXNativeTarget "skillMangerTests" */;
			buildPhases = (
				3AD20FDC30062B1C0028337F /* Sources */,
				3AD20FDD30062B1C0028337F /* Frameworks */,
				3AD20FDE30062B1C0028337F /* Resources */,
			);
			buildRules = (
			);
			dependencies = (
				3AD20FE230062B1C0028337F /* PBXTargetDependency */,
			);
			fileSystemSynchronizedGroups = (
				3AD20FE330062B1C0028337F /* skillMangerTests */,
			);
			name = skillMangerTests;
			packageProductDependencies = (
			);
			productName = skillMangerTests;
			productReference = 3AD20FE030062B1C0028337F /* skillMangerTests.xctest */;
			productType = "com.apple.product-type.bundle.unit-test";
		};
		3AD20FE930062B1C0028337F /* skillMangerUITests */ = {
			isa = PBXNativeTarget;
			buildConfigurationList = 3AD20FFA30062B1C0028337F /* Build configuration list for PBXNativeTarget "skillMangerUITests" */;
			buildPhases = (
				3AD20FE630062B1C0028337F /* Sources */,
				3AD20FE730062B1C0028337F /* Frameworks */,
				3AD20FE830062B1C0028337F /* Resources */,
			);
			buildRules = (
			);
			dependencies = (
				3AD20FEC30062B1C0028337F /* PBXTargetDependency */,
			);
			fileSystemSynchronizedGroups = (
				3AD20FED30062B1C0028337F /* skillMangerUITests */,
			);
			name = skillMangerUITests;
			packageProductDependencies = (
			);
			productName = skillMangerUITests;
			productReference = 3AD20FEA30062B1C0028337F /* skillMangerUITests.xctest */;
			productType = "com.apple.product-type.bundle.ui-testing";
		};
/* End PBXNativeTarget section */

/* Begin PBXProject section */
		3AD20FCB30062B190028337F /* Project object */ = {
			isa = PBXProject;
			attributes = {
				BuildIndependentTargetsInParallel = 1;
				LastSwiftUpdateCheck = 2620;
				LastUpgradeCheck = 2620;
				TargetAttributes = {
					3AD20FD230062B190028337F = {
						CreatedOnToolsVersion = 26.2;
					};
					3AD20FDF30062B1C0028337F = {
						CreatedOnToolsVersion = 26.2;
						TestTargetID = 3AD20FD230062B190028337F;
					};
					3AD20FE930062B1C0028337F = {
						CreatedOnToolsVersion = 26.2;
						TestTargetID = 3AD20FD230062B190028337F;
					};
				};
			};
			buildConfigurationList = 3AD20FCE30062B190028337F /* Build configuration list for PBXProject "skillManger" */;
			developmentRegion = en;
			hasScannedForEncodings = 0;
			knownRegions = (
				en,
				"zh-Hans",
				Base,
			);
			mainGroup = 3AD20FCA30062B190028337F;
			minimizedProjectReferenceProxies = 1;
			preferredProjectObjectVersion = 77;
			productRefGroup = 3AD20FD430062B190028337F /* Products */;
			packageReferences = (
				A10000000000000000000010 /* XCLocalSwiftPackageReference "Vendor/swift-markdown-engine" */,
			);
			projectDirPath = "";
			projectRoot = "";
			targets = (
				3AD20FD230062B190028337F /* skillManger */,
				3AD20FDF30062B1C0028337F /* skillMangerTests */,
				3AD20FE930062B1C0028337F /* skillMangerUITests */,
			);
		};
/* End PBXProject section */

/* Begin PBXResourcesBuildPhase section */
		3AD20FD130062B190028337F /* Resources */ = {
			isa = PBXResourcesBuildPhase;
			buildActionMask = 2147483647;
			files = (
			);
			runOnlyForDeploymentPostprocessing = 0;
		};
		3AD20FDE30062B1C0028337F /* Resources */ = {
			isa = PBXResourcesBuildPhase;
			buildActionMask = 2147483647;
			files = (
			);
			runOnlyForDeploymentPostprocessing = 0;
		};
		3AD20FE830062B1C0028337F /* Resources */ = {
			isa = PBXResourcesBuildPhase;
			buildActionMask = 2147483647;
			files = (
			);
			runOnlyForDeploymentPostprocessing = 0;
		};
/* End PBXResourcesBuildPhase section */

/* Begin PBXSourcesBuildPhase section */
		3AD20FCF30062B190028337F /* Sources */ = {
			isa = PBXSourcesBuildPhase;
			buildActionMask = 2147483647;
			files = (
			);
			runOnlyForDeploymentPostprocessing = 0;
		};
		3AD20FDC30062B1C0028337F /* Sources */ = {
			isa = PBXSourcesBuildPhase;
			buildActionMask = 2147483647;
			files = (
			);
			runOnlyForDeploymentPostprocessing = 0;
		};
		3AD20FE630062B1C0028337F /* Sources */ = {
			isa = PBXSourcesBuildPhase;
			buildActionMask = 2147483647;
			files = (
			);
			runOnlyForDeploymentPostprocessing = 0;
		};
/* End PBXSourcesBuildPhase section */

/* Begin PBXTargetDependency section */
		3AD20FE230062B1C0028337F /* PBXTargetDependency */ = {
			isa = PBXTargetDependency;
			target = 3AD20FD230062B190028337F /* skillManger */;
			targetProxy = 3AD20FE130062B1C0028337F /* PBXContainerItemProxy */;
		};
		3AD20FEC30062B1C0028337F /* PBXTargetDependency */ = {
			isa = PBXTargetDependency;
			target = 3AD20FD230062B190028337F /* skillManger */;
			targetProxy = 3AD20FEB30062B1C0028337F /* PBXContainerItemProxy */;
		};
/* End PBXTargetDependency section */

/* Begin XCLocalSwiftPackageReference section */
		A10000000000000000000010 /* XCLocalSwiftPackageReference "Vendor/swift-markdown-engine" */ = {
			isa = XCLocalSwiftPackageReference;
			relativePath = "Vendor/swift-markdown-engine";
		};
/* End XCLocalSwiftPackageReference section */

/* Begin XCSwiftPackageProductDependency section */
		A10000000000000000000011 /* MarkdownEngine */ = {
			isa = XCSwiftPackageProductDependency;
			package = A10000000000000000000010 /* XCLocalSwiftPackageReference "Vendor/swift-markdown-engine" */;
			productName = MarkdownEngine;
		};
		A10000000000000000000012 /* MarkdownEngineCodeBlocks */ = {
			isa = XCSwiftPackageProductDependency;
			package = A10000000000000000000010 /* XCLocalSwiftPackageReference "Vendor/swift-markdown-engine" */;
			productName = MarkdownEngineCodeBlocks;
		};
		A10000000000000000000013 /* MarkdownEngineLatex */ = {
			isa = XCSwiftPackageProductDependency;
			package = A10000000000000000000010 /* XCLocalSwiftPackageReference "Vendor/swift-markdown-engine" */;
			productName = MarkdownEngineLatex;
		};
/* End XCSwiftPackageProductDependency section */

/* Begin XCBuildConfiguration section */
		3AD20FF230062B1C0028337F /* Debug */ = {
			isa = XCBuildConfiguration;
			buildSettings = {
				ALWAYS_SEARCH_USER_PATHS = NO;
				ASSETCATALOG_COMPILER_GENERATE_SWIFT_ASSET_SYMBOL_EXTENSIONS = YES;
				CLANG_ANALYZER_NONNULL = YES;
				CLANG_ANALYZER_NUMBER_OBJECT_CONVERSION = YES_AGGRESSIVE;
				CLANG_CXX_LANGUAGE_STANDARD = "gnu++20";
				CLANG_ENABLE_MODULES = YES;
				CLANG_ENABLE_OBJC_ARC = YES;
				CLANG_ENABLE_OBJC_WEAK = YES;
				CLANG_WARN_BLOCK_CAPTURE_AUTORELEASING = YES;
				CLANG_WARN_BOOL_CONVERSION = YES;
				CLANG_WARN_COMMA = YES;
				CLANG_WARN_CONSTANT_CONVERSION = YES;
				CLANG_WARN_DEPRECATED_OBJC_IMPLEMENTATIONS = YES;
				CLANG_WARN_DIRECT_OBJC_ISA_USAGE = YES_ERROR;
				CLANG_WARN_DOCUMENTATION_COMMENTS = YES;
				CLANG_WARN_EMPTY_BODY = YES;
				CLANG_WARN_ENUM_CONVERSION = YES;
				CLANG_WARN_INFINITE_RECURSION = YES;
				CLANG_WARN_INT_CONVERSION = YES;
				CLANG_WARN_NON_LITERAL_NULL_CONVERSION = YES;
				CLANG_WARN_OBJC_IMPLICIT_RETAIN_SELF = YES;
				CLANG_WARN_OBJC_LITERAL_CONVERSION = YES;
				CLANG_WARN_OBJC_ROOT_CLASS = YES_ERROR;
				CLANG_WARN_QUOTED_INCLUDE_IN_FRAMEWORK_HEADER = YES;
				CLANG_WARN_RANGE_LOOP_ANALYSIS = YES;
				CLANG_WARN_STRICT_PROTOTYPES = YES;
				CLANG_WARN_SUSPICIOUS_MOVE = YES;
				CLANG_WARN_UNGUARDED_AVAILABILITY = YES_AGGRESSIVE;
				CLANG_WARN_UNREACHABLE_CODE = YES;
				CLANG_WARN__DUPLICATE_METHOD_MATCH = YES;
				COPY_PHASE_STRIP = NO;
				DEBUG_INFORMATION_FORMAT = dwarf;
				ENABLE_STRICT_OBJC_MSGSEND = YES;
				ENABLE_TESTABILITY = YES;
				ENABLE_USER_SCRIPT_SANDBOXING = YES;
				GCC_C_LANGUAGE_STANDARD = gnu17;
				GCC_DYNAMIC_NO_PIC = NO;
				GCC_NO_COMMON_BLOCKS = YES;
				GCC_OPTIMIZATION_LEVEL = 0;
				GCC_PREPROCESSOR_DEFINITIONS = (
					"DEBUG=1",
					"$(inherited)",
				);
				GCC_WARN_64_TO_32_BIT_CONVERSION = YES;
				GCC_WARN_ABOUT_RETURN_TYPE = YES_ERROR;
				GCC_WARN_UNDECLARED_SELECTOR = YES;
				GCC_WARN_UNINITIALIZED_AUTOS = YES_AGGRESSIVE;
				GCC_WARN_UNUSED_FUNCTION = YES;
				GCC_WARN_UNUSED_VARIABLE = YES;
				LOCALIZATION_PREFERS_STRING_CATALOGS = YES;
				MACOSX_DEPLOYMENT_TARGET = 26.2;
				MTL_ENABLE_DEBUG_INFO = INCLUDE_SOURCE;
				MTL_FAST_MATH = YES;
				ONLY_ACTIVE_ARCH = YES;
				SDKROOT = macosx;
				SWIFT_ACTIVE_COMPILATION_CONDITIONS = "DEBUG $(inherited)";
				SWIFT_OPTIMIZATION_LEVEL = "-Onone";
			};
			name = Debug;
		};
		3AD20FF330062B1C0028337F /* Release */ = {
			isa = XCBuildConfiguration;
			buildSettings = {
				ALWAYS_SEARCH_USER_PATHS = NO;
				ASSETCATALOG_COMPILER_GENERATE_SWIFT_ASSET_SYMBOL_EXTENSIONS = YES;
				CLANG_ANALYZER_NONNULL = YES;
				CLANG_ANALYZER_NUMBER_OBJECT_CONVERSION = YES_AGGRESSIVE;
				CLANG_CXX_LANGUAGE_STANDARD = "gnu++20";
				CLANG_ENABLE_MODULES = YES;
				CLANG_ENABLE_OBJC_ARC = YES;
				CLANG_ENABLE_OBJC_WEAK = YES;
				CLANG_WARN_BLOCK_CAPTURE_AUTORELEASING = YES;
				CLANG_WARN_BOOL_CONVERSION = YES;
				CLANG_WARN_COMMA = YES;
				CLANG_WARN_CONSTANT_CONVERSION = YES;
				CLANG_WARN_DEPRECATED_OBJC_IMPLEMENTATIONS = YES;
				CLANG_WARN_DIRECT_OBJC_ISA_USAGE = YES_ERROR;
				CLANG_WARN_DOCUMENTATION_COMMENTS = YES;
				CLANG_WARN_EMPTY_BODY = YES;
				CLANG_WARN_ENUM_CONVERSION = YES;
				CLANG_WARN_INFINITE_RECURSION = YES;
				CLANG_WARN_INT_CONVERSION = YES;
				CLANG_WARN_NON_LITERAL_NULL_CONVERSION = YES;
				CLANG_WARN_OBJC_IMPLICIT_RETAIN_SELF = YES;
				CLANG_WARN_OBJC_LITERAL_CONVERSION = YES;
				CLANG_WARN_OBJC_ROOT_CLASS = YES_ERROR;
				CLANG_WARN_QUOTED_INCLUDE_IN_FRAMEWORK_HEADER = YES;
				CLANG_WARN_RANGE_LOOP_ANALYSIS = YES;
				CLANG_WARN_STRICT_PROTOTYPES = YES;
				CLANG_WARN_SUSPICIOUS_MOVE = YES;
				CLANG_WARN_UNGUARDED_AVAILABILITY = YES_AGGRESSIVE;
				CLANG_WARN_UNREACHABLE_CODE = YES;
				CLANG_WARN__DUPLICATE_METHOD_MATCH = YES;
				COPY_PHASE_STRIP = NO;
				DEBUG_INFORMATION_FORMAT = "dwarf-with-dsym";
				ENABLE_NS_ASSERTIONS = NO;
				ENABLE_STRICT_OBJC_MSGSEND = YES;
				ENABLE_USER_SCRIPT_SANDBOXING = YES;
				GCC_C_LANGUAGE_STANDARD = gnu17;
				GCC_NO_COMMON_BLOCKS = YES;
				GCC_WARN_64_TO_32_BIT_CONVERSION = YES;
				GCC_WARN_ABOUT_RETURN_TYPE = YES_ERROR;
				GCC_WARN_UNDECLARED_SELECTOR = YES;
				GCC_WARN_UNINITIALIZED_AUTOS = YES_AGGRESSIVE;
				GCC_WARN_UNUSED_FUNCTION = YES;
				GCC_WARN_UNUSED_VARIABLE = YES;
				LOCALIZATION_PREFERS_STRING_CATALOGS = YES;
				MACOSX_DEPLOYMENT_TARGET = 26.2;
				MTL_ENABLE_DEBUG_INFO = NO;
				MTL_FAST_MATH = YES;
				SDKROOT = macosx;
				SWIFT_COMPILATION_MODE = wholemodule;
			};
			name = Release;
		};
		3AD20FF530062B1C0028337F /* Debug */ = {
			isa = XCBuildConfiguration;
			buildSettings = {
				ASSETCATALOG_COMPILER_APPICON_NAME = AppIcon;
				ASSETCATALOG_COMPILER_GLOBAL_ACCENT_COLOR_NAME = AccentColor;
				CODE_SIGN_STYLE = Automatic;
				COMBINE_HIDPI_IMAGES = YES;
				CURRENT_PROJECT_VERSION = 1;
				ENABLE_APP_SANDBOX = NO;
				ENABLE_HARDENED_RUNTIME = YES;
				ENABLE_PREVIEWS = YES;
				ENABLE_USER_SELECTED_FILES = readonly;
				GENERATE_INFOPLIST_FILE = YES;
				INFOPLIST_KEY_CFBundleDisplayName = "Skill Manager";
				INFOPLIST_KEY_NSHumanReadableCopyright = "";
				LD_RUNPATH_SEARCH_PATHS = (
					"$(inherited)",
					"@executable_path/../Frameworks",
				);
				MARKETING_VERSION = 1.0;
				PRODUCT_BUNDLE_IDENTIFIER = com.example.skillManger;
				PRODUCT_NAME = "$(TARGET_NAME)";
				REGISTER_APP_GROUPS = YES;
				STRING_CATALOG_GENERATE_SYMBOLS = YES;
				SWIFT_APPROACHABLE_CONCURRENCY = YES;
				SWIFT_DEFAULT_ACTOR_ISOLATION = MainActor;
				SWIFT_EMIT_LOC_STRINGS = YES;
				SWIFT_UPCOMING_FEATURE_MEMBER_IMPORT_VISIBILITY = YES;
				SWIFT_VERSION = 5.0;
			};
			name = Debug;
		};
		3AD20FF630062B1C0028337F /* Release */ = {
			isa = XCBuildConfiguration;
			buildSettings = {
				ASSETCATALOG_COMPILER_APPICON_NAME = AppIcon;
				ASSETCATALOG_COMPILER_GLOBAL_ACCENT_COLOR_NAME = AccentColor;
				CODE_SIGN_STYLE = Automatic;
				COMBINE_HIDPI_IMAGES = YES;
				CURRENT_PROJECT_VERSION = 1;
				ENABLE_APP_SANDBOX = NO;
				ENABLE_HARDENED_RUNTIME = YES;
				ENABLE_PREVIEWS = YES;
				ENABLE_USER_SELECTED_FILES = readonly;
				GENERATE_INFOPLIST_FILE = YES;
				INFOPLIST_KEY_CFBundleDisplayName = "Skill Manager";
				INFOPLIST_KEY_NSHumanReadableCopyright = "";
				LD_RUNPATH_SEARCH_PATHS = (
					"$(inherited)",
					"@executable_path/../Frameworks",
				);
				MARKETING_VERSION = 1.0;
				PRODUCT_BUNDLE_IDENTIFIER = com.example.skillManger;
				PRODUCT_NAME = "$(TARGET_NAME)";
				REGISTER_APP_GROUPS = YES;
				STRING_CATALOG_GENERATE_SYMBOLS = YES;
				SWIFT_APPROACHABLE_CONCURRENCY = YES;
				SWIFT_DEFAULT_ACTOR_ISOLATION = MainActor;
				SWIFT_EMIT_LOC_STRINGS = YES;
				SWIFT_UPCOMING_FEATURE_MEMBER_IMPORT_VISIBILITY = YES;
				SWIFT_VERSION = 5.0;
			};
			name = Release;
		};
		3AD20FF830062B1C0028337F /* Debug */ = {
			isa = XCBuildConfiguration;
			buildSettings = {
				BUNDLE_LOADER = "$(TEST_HOST)";
				CODE_SIGN_STYLE = Automatic;
				CURRENT_PROJECT_VERSION = 1;
				GENERATE_INFOPLIST_FILE = YES;
				MACOSX_DEPLOYMENT_TARGET = 26.2;
				MARKETING_VERSION = 1.0;
				PRODUCT_BUNDLE_IDENTIFIER = com.example.skillMangerTests;
				PRODUCT_NAME = "$(TARGET_NAME)";
				STRING_CATALOG_GENERATE_SYMBOLS = NO;
				SWIFT_APPROACHABLE_CONCURRENCY = YES;
				SWIFT_EMIT_LOC_STRINGS = NO;
				SWIFT_UPCOMING_FEATURE_MEMBER_IMPORT_VISIBILITY = YES;
				SWIFT_VERSION = 5.0;
				TEST_HOST = "$(BUILT_PRODUCTS_DIR)/skillManger.app/$(BUNDLE_EXECUTABLE_FOLDER_PATH)/skillManger";
			};
			name = Debug;
		};
		3AD20FF930062B1C0028337F /* Release */ = {
			isa = XCBuildConfiguration;
			buildSettings = {
				BUNDLE_LOADER = "$(TEST_HOST)";
				CODE_SIGN_STYLE = Automatic;
				CURRENT_PROJECT_VERSION = 1;
				GENERATE_INFOPLIST_FILE = YES;
				MACOSX_DEPLOYMENT_TARGET = 26.2;
				MARKETING_VERSION = 1.0;
				PRODUCT_BUNDLE_IDENTIFIER = com.example.skillMangerTests;
				PRODUCT_NAME = "$(TARGET_NAME)";
				STRING_CATALOG_GENERATE_SYMBOLS = NO;
				SWIFT_APPROACHABLE_CONCURRENCY = YES;
				SWIFT_EMIT_LOC_STRINGS = NO;
				SWIFT_UPCOMING_FEATURE_MEMBER_IMPORT_VISIBILITY = YES;
				SWIFT_VERSION = 5.0;
				TEST_HOST = "$(BUILT_PRODUCTS_DIR)/skillManger.app/$(BUNDLE_EXECUTABLE_FOLDER_PATH)/skillManger";
			};
			name = Release;
		};
		3AD20FFB30062B1C0028337F /* Debug */ = {
			isa = XCBuildConfiguration;
			buildSettings = {
				CODE_SIGN_STYLE = Automatic;
				CURRENT_PROJECT_VERSION = 1;
				GENERATE_INFOPLIST_FILE = YES;
				MARKETING_VERSION = 1.0;
				PRODUCT_BUNDLE_IDENTIFIER = com.example.skillMangerUITests;
				PRODUCT_NAME = "$(TARGET_NAME)";
				STRING_CATALOG_GENERATE_SYMBOLS = NO;
				SWIFT_APPROACHABLE_CONCURRENCY = YES;
				SWIFT_EMIT_LOC_STRINGS = NO;
				SWIFT_UPCOMING_FEATURE_MEMBER_IMPORT_VISIBILITY = YES;
				SWIFT_VERSION = 5.0;
				TEST_TARGET_NAME = skillManger;
			};
			name = Debug;
		};
		3AD20FFC30062B1C0028337F /* Release */ = {
			isa = XCBuildConfiguration;
			buildSettings = {
				CODE_SIGN_STYLE = Automatic;
				CURRENT_PROJECT_VERSION = 1;
				GENERATE_INFOPLIST_FILE = YES;
				MARKETING_VERSION = 1.0;
				PRODUCT_BUNDLE_IDENTIFIER = com.example.skillMangerUITests;
				PRODUCT_NAME = "$(TARGET_NAME)";
				STRING_CATALOG_GENERATE_SYMBOLS = NO;
				SWIFT_APPROACHABLE_CONCURRENCY = YES;
				SWIFT_EMIT_LOC_STRINGS = NO;
				SWIFT_UPCOMING_FEATURE_MEMBER_IMPORT_VISIBILITY = YES;
				SWIFT_VERSION = 5.0;
				TEST_TARGET_NAME = skillManger;
			};
			name = Release;
		};
/* End XCBuildConfiguration section */

/* Begin XCConfigurationList section */
		3AD20FCE30062B190028337F /* Build configuration list for PBXProject "skillManger" */ = {
			isa = XCConfigurationList;
			buildConfigurations = (
				3AD20FF230062B1C0028337F /* Debug */,
				3AD20FF330062B1C0028337F /* Release */,
			);
			defaultConfigurationIsVisible = 0;
			defaultConfigurationName = Release;
		};
		3AD20FF430062B1C0028337F /* Build configuration list for PBXNativeTarget "skillManger" */ = {
			isa = XCConfigurationList;
			buildConfigurations = (
				3AD20FF530062B1C0028337F /* Debug */,
				3AD20FF630062B1C0028337F /* Release */,
			);
			defaultConfigurationIsVisible = 0;
			defaultConfigurationName = Release;
		};
		3AD20FF730062B1C0028337F /* Build configuration list for PBXNativeTarget "skillMangerTests" */ = {
			isa = XCConfigurationList;
			buildConfigurations = (
				3AD20FF830062B1C0028337F /* Debug */,
				3AD20FF930062B1C0028337F /* Release */,
			);
			defaultConfigurationIsVisible = 0;
			defaultConfigurationName = Release;
		};
		3AD20FFA30062B1C0028337F /* Build configuration list for PBXNativeTarget "skillMangerUITests" */ = {
			isa = XCConfigurationList;
			buildConfigurations = (
				3AD20FFB30062B1C0028337F /* Debug */,
				3AD20FFC30062B1C0028337F /* Release */,
			);
			defaultConfigurationIsVisible = 0;
			defaultConfigurationName = Release;
		};
/* End XCConfigurationList section */
	};
	rootObject = 3AD20FCB30062B190028337F /* Project object */;
}
